
Microsoft Visual Studio Solution File, Format Version 12.00
# Visual Studio Version 17
VisualStudioVersion = 17.4.33110.190
MinimumVisualStudioVersion = 10.0.40219.1
Project("{9A19103F-16F7-4668-BE54-9A1E7A4F7556}") = "Day-1", "Day-1\Day-1.csproj", "{DDFCC5B7-C60A-4074-AEF3-4D537846B603}"
EndProject
Project("{9A19103F-16F7-4668-BE54-9A1E7A4F7556}") = "Day-2", "Day-2\Day-2.csproj", "{09A76DDA-9050-409E-87A5-CE953B2B3DBE}"
EndProject
Project("{2150E333-8FDC-42A3-9474-1A3956D46DE8}") = "Göker", "Göker", "{2AC86DF7-F4BB-4837-AC3F-E4BE474B41B7}"
EndProject
Project("{9A19103F-16F7-4668-BE54-9A1E7A4F7556}") = "GokerDers", "GokerDers\GokerDers.csproj", "{C4CA1B7A-818A-4F19-B894-518082F54946}"
EndProject
Project("{2150E333-8FDC-42A3-9474-1A3956D46DE8}") = "Deniz", "Deniz", "{B206FE19-030E-4C1A-9107-4309C867DA43}"
EndProject
Project("{9A19103F-16F7-4668-BE54-9A1E7A4F7556}") = "Day-3 OOP", "Day-3 OOP\Day-3 OOP.csproj", "{428AB40C-600F-435B-B603-D3445D886CD5}"
EndProject
Project("{9A19103F-16F7-4668-BE54-9A1E7A4F7556}") = "Day-3", "Day-3\Day-3.csproj", "{1F6A7C11-5A4E-4679-873D-1486C528F6C1}"
EndProject
Project("{9A19103F-16F7-4668-BE54-9A1E7A4F7556}") = "Odev1", "Odev1\Odev1.csproj", "{A66F7592-BC7D-4833-92A8-AE03846D1080}"
EndProject
Project("{FAE04EC0-301F-11D3-BF4B-00C04F79EFBC}") = "Day-4", "Day-4\Day-4.csproj", "{954D4AA9-509A-4CF6-A72D-002241C64972}"
EndProject
Global
	GlobalSection(SolutionConfigurationPlatforms) = preSolution
		Debug|Any CPU = Debug|Any CPU
		Release|Any CPU = Release|Any CPU
	EndGlobalSection
	GlobalSection(ProjectConfigurationPlatforms) = postSolution
		{DDFCC5B7-C60A-4074-AEF3-4D537846B603}.Debug|Any CPU.ActiveCfg = Debug|Any CPU
		{DDFCC5B7-C60A-4074-AEF3-4D537846B603}.Debug|Any CPU.Build.0 = Debug|Any CPU
		{DDFCC5B7-C60A-4074-AEF3-4D537846B603}.Release|Any CPU.ActiveCfg = Release|Any CPU
		{DDFCC5B7-C60A-4074-AEF3-4D537846B603}.Release|Any CPU.Build.0 = Release|Any CPU
		{09A76DDA-9050-409E-87A5-CE953B2B3DBE}.Debug|Any CPU.ActiveCfg = Debug|Any CPU
		{09A76DDA-9050-409E-87A5-CE953B2B3DBE}.Debug|Any CPU.Build.0 = Debug|Any CPU
		{09A76DDA-9050-409E-87A5-CE953B2B3DBE}.Release|Any CPU.ActiveCfg = Release|Any CPU
		{09A76DDA-9050-409E-87A5-CE953B2B3DBE}.Release|Any CPU.Build.0 = Release|Any CPU
		{C4CA1B7A-818A-4F19-B894-518082F54946}.Debug|Any CPU.ActiveCfg = Debug|Any CPU
		{C4CA1B7A-818A-4F19-B894-518082F54946}.Debug|Any CPU.Build.0 = Debug|Any CPU
		{C4CA1B7A-818A-4F19-B894-518082F54946}.Release|Any CPU.ActiveCfg = Release|Any CPU
		{C4CA1B7A-818A-4F19-B894-518082F54946}.Release|Any CPU.Build.0 = Release|Any CPU
		{428AB40C-600F-435B-B603-D3445D886CD5}.Debug|Any CPU.ActiveCfg = Debug|Any CPU
		{428AB40C-600F-435B-B603-D3445D886CD5}.Debug|Any CPU.Build.0 = Debug|Any CPU
		{428AB40C-600F-435B-B603-D3445D886CD5}.Release|Any CPU.ActiveCfg = Release|Any CPU
		{428AB40C-600F-435B-B603-D3445D886CD5}.Release|Any CPU.Build.0 = Release|Any CPU
		{1F6A7C11-5A4E-4679-873D-1486C528F6C1}.Debug|Any CPU.ActiveCfg = Debug|Any CPU
		{1F6A7C11-5A4E-4679-873D-1486C528F6C1}.Debug|Any CPU.Build.0 = Debug|Any CPU
		{1F6A7C11-5A4E-4679-873D-1486C528F6C1}.Release|Any CPU.ActiveCfg = Release|Any CPU
		{1F6A7C11-5A4E-4679-873D-1486C528F6C1}.Release|Any CPU.Build.0 = Release|Any CPU
		{A66F7592-BC7D-4833-92A8-AE03846D1080}.Debug|Any CPU.ActiveCfg = Debug|Any CPU
		{A66F7592-BC7D-4833-92A8-AE03846D1080}.Debug|Any CPU.Build.0 = Debug|Any CPU
		{A66F7592-BC7D-4833-92A8-AE03846D1080}.Release|Any CPU.ActiveCfg = Release|Any CPU
		{A66F7592-BC7D-4833-92A8-AE03846D1080}.Release|Any CPU.Build.0 = Release|Any CPU
		{954D4AA9-509A-4CF6-A72D-002241C64972}.Debug|Any CPU.ActiveCfg = Debug|Any CPU
		{954D4AA9-509A-4CF6-A72D-002241C64972}.Debug|Any CPU.Build.0 = Debug|Any CPU
		{954D4AA9-509A-4CF6-A72D-002241C64972}.Release|Any CPU.ActiveCfg = Release|Any CPU
		{954D4AA9-509A-4CF6-A72D-002241C64972}.Release|Any CPU.Build.0 = Release|Any CPU
	EndGlobalSection
	GlobalSection(SolutionProperties) = preSolution
		HideSolutionNode = FALSE
	EndGlobalSection
	GlobalSection(NestedProjects) = preSolution
		{C4CA1B7A-818A-4F19-B894-518082F54946} = {2AC86DF7-F4BB-4837-AC3F-E4BE474B41B7}
		{428AB40C-600F-435B-B603-D3445D886CD5} = {B206FE19-030E-4C1A-9107-4309C867DA43}
		{A66F7592-BC7D-4833-92A8-AE03846D1080} = {2AC86DF7-F4BB-4837-AC3F-E4BE474B41B7}
	EndGlobalSection
	GlobalSection(ExtensibilityGlobals) = postSolution
		SolutionGuid = {A97C132D-8F4C-4830-BC8B-2A0C07610A2F}
	EndGlobalSection
EndGlobal
